
Microsoft Visual Studio Solution File, Format Version 12.00
# Visual Studio Version 16
VisualStudioVersion = 16.0.29025.244
MinimumVisualStudioVersion = 10.0.40219.1
Project("{9A19103F-16F7-4668-BE54-9A1E7A4F7556}") = "RemoteSqlTool", "RemoteSqlTool.csproj", "{CED6C307-9DEA-470E-B34C-4CF66548B438}"
EndProject
Project("{FAE04EC0-301F-11D3-BF4B-00C04F79EFBC}") = "RemoteSqlTool.Tests", "..\RemoteSqlTool.Tests\RemoteSqlTool.Tests.csproj", "{B456D964-7B67-4179-978C-3BE2B47CADF4}"
EndProject
Global
	GlobalSection(SolutionConfigurationPlatforms) = preSolution
		Debug|Any CPU = Debug|Any CPU
		Release|Any CPU = Release|Any CPU
	EndGlobalSection
	GlobalSection(ProjectConfigurationPlatforms) = postSolution
		{CED6C307-9DEA-470E-B34C-4CF66548B438}.Debug|Any CPU.ActiveCfg = Debug|Any CPU
		{CED6C307-9DEA-470E-B34C-4CF66548B438}.Debug|Any CPU.Build.0 = Debug|Any CPU
		{CED6C307-9DEA-470E-B34C-4CF66548B438}.Release|Any CPU.ActiveCfg = Release|Any CPU
		{CED6C307-9DEA-470E-B34C-4CF66548B438}.Release|Any CPU.Build.0 = Release|Any CPU
		{B456D964-7B67-4179-978C-3BE2B47CADF4}.Debug|Any CPU.ActiveCfg = Debug|Any CPU
		{B456D964-7B67-4179-978C-3BE2B47CADF4}.Debug|Any CPU.Build.0 = Debug|Any CPU
		{B456D964-7B67-4179-978C-3BE2B47CADF4}.Release|Any CPU.ActiveCfg = Release|Any CPU
		{B456D964-7B67-4179-978C-3BE2B47CADF4}.Release|Any CPU.Build.0 = Release|Any CPU
	EndGlobalSection
	GlobalSection(SolutionProperties) = preSolution
		HideSolutionNode = FALSE
	EndGlobalSection
	GlobalSection(ExtensibilityGlobals) = postSolution
		SolutionGuid = {EB6B0D3B-63AF-4965-915D-B4AD64237C21}
	EndGlobalSection
EndGlobal
